lockfileVersion: '9.0'

settings:
  autoInstallPeers: false
  excludeLinksFromLockfile: false

importers:

  .:
    devDependencies:
      markdown-it-footnote:
        specifier: ^4.0.0
        version: 4.0.0
      typedoc:
        specifier: ^0.28.7
        version: 0.28.16(typescript@5.9.3)
      typedoc-github-theme:
        specifier: ^0.3.0
        version: 0.3.1(typedoc@0.28.16(typescript@5.9.3))
      typedoc-github-wiki-theme:
        specifier: ^2.1.0
        version: 2.1.0(typedoc-plugin-markdown@4.9.0(typedoc@0.28.16(typescript@5.9.3)))
      typedoc-gitlab-wiki-theme:
        specifier: ^2.1.0
        version: 2.1.0(typedoc-plugin-markdown@4.9.0(typedoc@0.28.16(typescript@5.9.3)))
      typedoc-plugin-markdown:
        specifier: ^4.7.0
        version: 4.9.0(typedoc@0.28.16(typescript@5.9.3))
      typedoc-plugin-markdown-pages:
        specifier: ^0.3.0
        version: 0.3.0
      typedoc-plugin-mdn-links:
        specifier: ^5.0.4
        version: 5.1.1(typedoc@0.28.16(typescript@5.9.3))
      typescript:
        specifier: ^5.6.3
        version: 5.9.3

packages:

  '@gerrit0/mini-shiki@3.22.0':
    resolution: {integrity: sha512-jMpciqEVUBKE1QwU64S4saNMzpsSza6diNCk4MWAeCxO2+LFi2FIFmL2S0VDLzEJCxuvCbU783xi8Hp/gkM5CQ==}

  '@shikijs/engine-oniguruma@3.22.0':
    resolution: {integrity: sha512-DyXsOG0vGtNtl7ygvabHd7Mt5EY8gCNqR9Y7Lpbbd/PbJvgWrqaKzH1JW6H6qFkuUa8aCxoiYVv8/YfFljiQxA==}

  '@shikijs/langs@3.22.0':
    resolution: {integrity: sha512-x/42TfhWmp6H00T6uwVrdTJGKgNdFbrEdhaDwSR5fd5zhQ1Q46bHq9EO61SCEWJR0HY7z2HNDMaBZp8JRmKiIA==}

  '@shikijs/themes@3.22.0':
    resolution: {integrity: sha512-o+tlOKqsr6FE4+mYJG08tfCFDS+3CG20HbldXeVoyP+cYSUxDhrFf3GPjE60U55iOkkjbpY2uC3It/eeja35/g==}

  '@shikijs/types@3.22.0':
    resolution: {integrity: sha512-491iAekgKDBFE67z70Ok5a8KBMsQ2IJwOWw3us/7ffQkIBCyOQfm/aNwVMBUriP02QshIfgHCBSIYAl3u2eWjg==}

  '@shikijs/vscode-textmate@10.0.2':
    resolution: {integrity: sha512-83yeghZ2xxin3Nj8z1NMd/NCuca+gsYXswywDy5bHvwlWL8tpTQmzGeUuHd9FC3E/SBEMvzJRwWEOz5gGes9Qg==}

  '@types/hast@3.0.4':
    resolution: {integrity: sha512-WPs+bbQw5aCj+x6laNGWLH3wviHtoCv/P3+otBhbOhJgG8qtpdAMlTCxLtsTWA7LH1Oh/bFCHsBn0TPS5m30EQ==}

  '@types/unist@3.0.3':
    resolution: {integrity: sha512-ko/gIFJRv177XgZsZcBwnqJN5x/Gien8qNOn0D5bQU/zAzVf9Zt3BlcUiLqhV9y4ARk0GbT3tnUiPNgnTXzc/Q==}

  argparse@2.0.1:
    resolution: {integrity: sha512-8+9WqebbFzpX9OR+Wa6O29asIogeRMzcGtAINdpMHHyAg10f05aSFVBbcEqGf/PXw1EjAZ+q2/bEBg3DvurK3Q==}

  balanced-match@1.0.2:
    resolution: {integrity: sha512-3oSeUO0TMV67hN1AmbXsK4yaqU7tjiHlbxRDZOpH0KW9+CeX4bRAaX0Anxt0tx2MrpRpWwQaPwIlISEJhYU5Pw==}

  brace-expansion@2.0.2:
    resolution: {integrity: sha512-Jt0vHyM+jmUBqojB7E1NIYadt0vI0Qxjxd2TErW94wDz+E2LAm5vKMXXwg6ZZBTHPuUlDgQHKXvjGBdfcF1ZDQ==}

  entities@4.5.0:
    resolution: {integrity: sha512-V0hjH4dGPh9Ao5p0MoRY6BVqtwCjhz6vI5LT8AJ55H+4g9/4vbHx1I54fS0XuclLhDHArPQCiMjDxjaL8fPxhw==}
    engines: {node: '>=0.12'}

  linkify-it@5.0.0:
    resolution: {integrity: sha512-5aHCbzQRADcdP+ATqnDuhhJ/MRIqDkZX5pyjFHRRysS8vZ5AbqGEoFIb6pYHPZ+L/OC2Lc+xT8uHVVR5CAK/wQ==}

  lunr@2.3.9:
    resolution: {integrity: sha512-zTU3DaZaF3Rt9rhN3uBMGQD3dD2/vFQqnvZCDv4dl5iOzq2IZQqTxu90r4E5J+nP70J3ilqVCrbho2eWaeW8Ow==}

  markdown-it-footnote@4.0.0:
    resolution: {integrity: sha512-WYJ7urf+khJYl3DqofQpYfEYkZKbmXmwxQV8c8mO/hGIhgZ1wOe7R4HLFNwqx7TjILbnC98fuyeSsin19JdFcQ==}

  markdown-it@14.1.0:
    resolution: {integrity: sha512-a54IwgWPaeBCAAsv13YgmALOF1elABB08FxO9i+r4VFk5Vl4pKokRPeX8u5TCgSsPi6ec1otfLjdOpVcgbpshg==}
    hasBin: true

  mdurl@2.0.0:
    resolution: {integrity: sha512-Lf+9+2r+Tdp5wXDXC4PcIBjTDtq4UKjCPMQhKIuzpJNW0b96kVqSwW0bT7FhRSfmAiFYgP+SCRvdrDozfh0U5w==}

  minimatch@9.0.5:
    resolution: {integrity: sha512-G6T0ZX48xgozx7587koeX9Ys2NYy6Gmv//P89sEte9V9whIapMNF4idKxnW2QtCcLiTWlb/wfCabAtAFWhhBow==}
    engines: {node: '>=16 || 14 >=14.17'}

  punycode.js@2.3.1:
    resolution: {integrity: sha512-uxFIHU0YlHYhDQtV4R9J6a52SLx28BCjT+4ieh7IGbgwVJWO+km431c4yRlREUAsAmt/uMjQUyQHNEPf0M39CA==}
    engines: {node: '>=6'}

  typedoc-github-theme@0.3.1:
    resolution: {integrity: sha512-j6PmkAGmf/MGCzYjQcUH6jS9djPsNl/IoTXooxC+MoeMkBhbmPyKJlpR6Lw12BLoe2OYpYA2J1KMktUJXp/8Sw==}
    engines: {node: '>=18.0.0'}
    peerDependencies:
      typedoc: ~0.28.0

  typedoc-github-wiki-theme@2.1.0:
    resolution: {integrity: sha512-5j4vuoGwLn8PM1HeXocbwUF0Ra2qTFLeqsQwBQsLBPIx7Tl/lxkas1qIPFg/InOYwy9Y3Pn4xSjh+c/KM+jh6Q==}
    peerDependencies:
      typedoc-plugin-markdown: '>=4.3.0'

  typedoc-gitlab-wiki-theme@2.1.0:
    resolution: {integrity: sha512-j1Bodz1wmKgbqf8K6V7Rc/HrSX5qWtVckt9T5JtdTptfwt079tBdivo9o47Gux3EAYJf01oBF7sAzA3L6PR8Sg==}
    peerDependencies:
      typedoc-plugin-markdown: '>=4.3.0'

  typedoc-plugin-markdown-pages@0.3.0:
    resolution: {integrity: sha512-QVWs6eL0BEOiRgJm6wRRgE8kESFv85HlefLv14ZbMM2VQ1HqErVeT9ukbhkYMznsD/juAsX3Xc5M+Ju7/ZDq4Q==}

  typedoc-plugin-markdown@4.9.0:
    resolution: {integrity: sha512-9Uu4WR9L7ZBgAl60N/h+jqmPxxvnC9nQAlnnO/OujtG2ubjnKTVUFY1XDhcMY+pCqlX3N2HsQM2QTYZIU9tJuw==}
    engines: {node: '>= 18'}
    peerDependencies:
      typedoc: 0.28.x

  typedoc-plugin-mdn-links@5.1.1:
    resolution: {integrity: sha512-fLlYudnlGkE9uspOEm/SBXwr+G0RbxoDZiHAVsCg+5NwKe2aUxjZK1YyQfleNZydImanzkX2oUJF29xbEeOSWw==}
    peerDependencies:
      typedoc: 0.27.x || 0.28.x

  typedoc@0.28.16:
    resolution: {integrity: sha512-x4xW77QC3i5DUFMBp0qjukOTnr/sSg+oEs86nB3LjDslvAmwe/PUGDWbe3GrIqt59oTqoXK5GRK9tAa0sYMiog==}
    engines: {node: '>= 18', pnpm: '>= 10'}
    hasBin: true
    peerDependencies:
      typescript: 5.0.x || 5.1.x || 5.2.x || 5.3.x || 5.4.x || 5.5.x || 5.6.x || 5.7.x || 5.8.x || 5.9.x

  typescript@5.9.3:
    resolution: {integrity: sha512-jl1vZzPDinLr9eUt3J/t7V6FgNEw9QjvBPdysz9KfQDD41fQrC2Y4vKQdiaUpFT4bXlb1RHhLpp8wtm6M5TgSw==}
    engines: {node: '>=14.17'}
    hasBin: true

  uc.micro@2.1.0:
    resolution: {integrity: sha512-ARDJmphmdvUk6Glw7y9DQ2bFkKBHwQHLi2lsaH6PPmz/Ka9sFOBsBluozhDltWmnv9u/cF6Rt87znRTPV+yp/A==}

  yaml@2.8.2:
    resolution: {integrity: sha512-mplynKqc1C2hTVYxd0PU2xQAc22TI1vShAYGksCCfxbn/dFwnHTNi1bvYsBTkhdUNtGIf5xNOg938rrSSYvS9A==}
    engines: {node: '>= 14.6'}
    hasBin: true

snapshots:

  '@gerrit0/mini-shiki@3.22.0':
    dependencies:
      '@shikijs/engine-oniguruma': 3.22.0
      '@shikijs/langs': 3.22.0
      '@shikijs/themes': 3.22.0
      '@shikijs/types': 3.22.0
      '@shikijs/vscode-textmate': 10.0.2

  '@shikijs/engine-oniguruma@3.22.0':
    dependencies:
      '@shikijs/types': 3.22.0
      '@shikijs/vscode-textmate': 10.0.2

  '@shikijs/langs@3.22.0':
    dependencies:
      '@shikijs/types': 3.22.0

  '@shikijs/themes@3.22.0':
    dependencies:
      '@shikijs/types': 3.22.0

  '@shikijs/types@3.22.0':
    dependencies:
      '@shikijs/vscode-textmate': 10.0.2
      '@types/hast': 3.0.4

  '@shikijs/vscode-textmate@10.0.2': {}

  '@types/hast@3.0.4':
    dependencies:
      '@types/unist': 3.0.3

  '@types/unist@3.0.3': {}

  argparse@2.0.1: {}

  balanced-match@1.0.2: {}

  brace-expansion@2.0.2:
    dependencies:
      balanced-match: 1.0.2

  entities@4.5.0: {}

  linkify-it@5.0.0:
    dependencies:
      uc.micro: 2.1.0

  lunr@2.3.9: {}

  markdown-it-footnote@4.0.0: {}

  markdown-it@14.1.0:
    dependencies:
      argparse: 2.0.1
      entities: 4.5.0
      linkify-it: 5.0.0
      mdurl: 2.0.0
      punycode.js: 2.3.1
      uc.micro: 2.1.0

  mdurl@2.0.0: {}

  minimatch@9.0.5:
    dependencies:
      brace-expansion: 2.0.2

  punycode.js@2.3.1: {}

  typedoc-github-theme@0.3.1(typedoc@0.28.16(typescript@5.9.3)):
    dependencies:
      typedoc: 0.28.16(typescript@5.9.3)

  typedoc-github-wiki-theme@2.1.0(typedoc-plugin-markdown@4.9.0(typedoc@0.28.16(typescript@5.9.3))):
    dependencies:
      typedoc-plugin-markdown: 4.9.0(typedoc@0.28.16(typescript@5.9.3))

  typedoc-gitlab-wiki-theme@2.1.0(typedoc-plugin-markdown@4.9.0(typedoc@0.28.16(typescript@5.9.3))):
    dependencies:
      typedoc-plugin-markdown: 4.9.0(typedoc@0.28.16(typescript@5.9.3))

  typedoc-plugin-markdown-pages@0.3.0: {}

  typedoc-plugin-markdown@4.9.0(typedoc@0.28.16(typescript@5.9.3)):
    dependencies:
      typedoc: 0.28.16(typescript@5.9.3)

  typedoc-plugin-mdn-links@5.1.1(typedoc@0.28.16(typescript@5.9.3)):
    dependencies:
      typedoc: 0.28.16(typescript@5.9.3)

  typedoc@0.28.16(typescript@5.9.3):
    dependencies:
      '@gerrit0/mini-shiki': 3.22.0
      lunr: 2.3.9
      markdown-it: 14.1.0
      minimatch: 9.0.5
      typescript: 5.9.3
      yaml: 2.8.2

  typescript@5.9.3: {}

  uc.micro@2.1.0: {}

  yaml@2.8.2: {}
